{
  "name": "tools",
  "version": "1.0.0",
  "lockfileVersion": 3,
  "requires": true,
  "packages": {
    "": {
      "name": "tools",
      "version": "1.0.0",
      "license": "ISC",
      "dependencies": {
        "@material-symbols/svg-400": "^0.47.2"
      }
    },
    "node_modules/@material-symbols/svg-400": {
      "version": "0.47.2",
      "resolved": "https://registry.npmmirror.com/@material-symbols/svg-400/-/svg-400-0.47.2.tgz",
      "integrity": "sha512-OCKG/jxhd3rymUzu2ay8sX+/1uTITy2rKfy67skFLeQN+srzxgPBG6MeXCPn5Kw9XFBEQSkinvc29SawnuFFcQ==",
      "license": "Apache-2.0"
    }
  }
}
